// !$*UTF8*$!
{
	archiveVersion = 1;
	classes = {
	};
	objectVersion = 55;
	objects = {

/* Begin PBXBuildFile section */
		F7823574276140EA008CC122 /* CollectionCell.swift in Sources */ = {isa = PBXBuildFile; fileRef = F7823573276140EA008CC122 /* CollectionCell.swift */; };
		F78235762761E12B008CC122 /* Router.swift in Sources */ = {isa = PBXBuildFile; fileRef = F78235752761E12B008CC122 /* Router.swift */; };
		F78235782761E1BC008CC122 /* AssemblyBuilder.swift in Sources */ = {isa = PBXBuildFile; fileRef = F78235772761E1BC008CC122 /* AssemblyBuilder.swift */; };
		F782357A2761F043008CC122 /* NetworkDataFetcher.swift in Sources */ = {isa = PBXBuildFile; fileRef = F78235792761F043008CC122 /* NetworkDataFetcher.swift */; };
		F782357C2761F2CB008CC122 /* APIManager.swift in Sources */ = {isa = PBXBuildFile; fileRef = F782357B2761F2CB008CC122 /* APIManager.swift */; };
		F782357E276229FF008CC122 /* VideoView.swift in Sources */ = {isa = PBXBuildFile; fileRef = F782357D276229FF008CC122 /* VideoView.swift */; };
		F782358227634C49008CC122 /* UIElementsFactory.swift in Sources */ = {isa = PBXBuildFile; fileRef = F782358127634C49008CC122 /* UIElementsFactory.swift */; };
		F7E09B3D2760D134009F343F /* AppDelegate.swift in Sources */ = {isa = PBXBuildFile; fileRef = F7E09B3C2760D134009F343F /* AppDelegate.swift */; };
		F7E09B3F2760D134009F343F /* SceneDelegate.swift in Sources */ = {isa = PBXBuildFile; fileRef = F7E09B3E2760D134009F343F /* SceneDelegate.swift */; };
		F7E09B412760D134009F343F /* MainViewController.swift in Sources */ = {isa = PBXBuildFile; fileRef = F7E09B402760D134009F343F /* MainViewController.swift */; };
		F7E09B442760D134009F343F /* Main.storyboard in Resources */ = {isa = PBXBuildFile; fileRef = F7E09B422760D134009F343F /* Main.storyboard */; };
		F7E09B462760D137009F343F /* Assets.xcassets in Resources */ = {isa = PBXBuildFile; fileRef = F7E09B452760D137009F343F /* Assets.xcassets */; };
		F7E09B492760D137009F343F /* LaunchScreen.storyboard in Resources */ = {isa = PBXBuildFile; fileRef = F7E09B472760D137009F343F /* LaunchScreen.storyboard */; };
		F7E09B512760D16A009F343F /* Task.strings in Resources */ = {isa = PBXBuildFile; fileRef = F7E09B502760D16A009F343F /* Task.strings */; };
		F7E09B532760D1D2009F343F /* MainPresenter.swift in Sources */ = {isa = PBXBuildFile; fileRef = F7E09B522760D1D2009F343F /* MainPresenter.swift */; };
		F7E09B552760D1E4009F343F /* NetworkService.swift in Sources */ = {isa = PBXBuildFile; fileRef = F7E09B542760D1E4009F343F /* NetworkService.swift */; };
		F7E09B572760DBD6009F343F /* Model.swift in Sources */ = {isa = PBXBuildFile; fileRef = F7E09B562760DBD6009F343F /* Model.swift */; };
		F7E09B5927613EEE009F343F /* Extension + MainViewController.swift in Sources */ = {isa = PBXBuildFile; fileRef = F7E09B5827613EEE009F343F /* Extension + MainViewController.swift */; };
/* End PBXBuildFile section */

/* Begin PBXFileReference section */
		F7823573276140EA008CC122 /* CollectionCell.swift */ = {isa = PBXFileReference; lastKnownFileType = sourcecode.swift; path = CollectionCell.swift; sourceTree = "<group>"; };
		F78235752761E12B008CC122 /* Router.swift */ = {isa = PBXFileReference; lastKnownFileType = sourcecode.swift; path = Router.swift; sourceTree = "<group>"; };
		F78235772761E1BC008CC122 /* AssemblyBuilder.swift */ = {isa = PBXFileReference; lastKnownFileType = sourcecode.swift; path = AssemblyBuilder.swift; sourceTree = "<group>"; };
		F78235792761F043008CC122 /* NetworkDataFetcher.swift */ = {isa = PBXFileReference; lastKnownFileType = sourcecode.swift; path = NetworkDataFetcher.swift; sourceTree = "<group>"; };
		F782357B2761F2CB008CC122 /* APIManager.swift */ = {isa = PBXFileReference; lastKnownFileType = sourcecode.swift; path = APIManager.swift; sourceTree = "<group>"; };
		F782357D276229FF008CC122 /* VideoView.swift */ = {isa = PBXFileReference; lastKnownFileType = sourcecode.swift; path = VideoView.swift; sourceTree = "<group>"; };
		F782358127634C49008CC122 /* UIElementsFactory.swift */ = {isa = PBXFileReference; lastKnownFileType = sourcecode.swift; path = UIElementsFactory.swift; sourceTree = "<group>"; };
		F7E09B392760D134009F343F /* TestTask_ShowGame.app */ = {isa = PBXFileReference; explicitFileType = wrapper.application; includeInIndex = 0; path = TestTask_ShowGame.app; sourceTree = BUILT_PRODUCTS_DIR; };
		F7E09B3C2760D134009F343F /* AppDelegate.swift */ = {isa = PBXFileReference; lastKnownFileType = sourcecode.swift; path = AppDelegate.swift; sourceTree = "<group>"; };
		F7E09B3E2760D134009F343F /* SceneDelegate.swift */ = {isa = PBXFileReference; lastKnownFileType = sourcecode.swift; path = SceneDelegate.swift; sourceTree = "<group>"; };
		F7E09B402760D134009F343F /* MainViewController.swift */ = {isa = PBXFileReference; lastKnownFileType = sourcecode.swift; path = MainViewController.swift; sourceTree = "<group>"; };
		F7E09B432760D134009F343F /* Base */ = {isa = PBXFileReference; lastKnownFileType = file.storyboard; name = Base; path = Base.lproj/Main.storyboard; sourceTree = "<group>"; };
		F7E09B452760D137009F343F /* Assets.xcassets */ = {isa = PBXFileReference; lastKnownFileType = folder.assetcatalog; path = Assets.xcassets; sourceTree = "<group>"; };
		F7E09B482760D137009F343F /* Base */ = {isa = PBXFileReference; lastKnownFileType = file.storyboard; name = Base; path = Base.lproj/LaunchScreen.storyboard; sourceTree = "<group>"; };
		F7E09B4A2760D137009F343F /* Info.plist */ = {isa = PBXFileReference; lastKnownFileType = text.plist.xml; path = Info.plist; sourceTree = "<group>"; };
		F7E09B502760D16A009F343F /* Task.strings */ = {isa = PBXFileReference; lastKnownFileType = text.plist.strings; path = Task.strings; sourceTree = "<group>"; };
		F7E09B522760D1D2009F343F /* MainPresenter.swift */ = {isa = PBXFileReference; lastKnownFileType = sourcecode.swift; path = MainPresenter.swift; sourceTree = "<group>"; };
		F7E09B542760D1E4009F343F /* NetworkService.swift */ = {isa = PBXFileReference; lastKnownFileType = sourcecode.swift; path = NetworkService.swift; sourceTree = "<group>"; };
		F7E09B562760DBD6009F343F /* Model.swift */ = {isa = PBXFileReference; lastKnownFileType = sourcecode.swift; path = Model.swift; sourceTree = "<group>"; };
		F7E09B5827613EEE009F343F /* Extension + MainViewController.swift */ = {isa = PBXFileReference; lastKnownFileType = sourcecode.swift; path = "Extension + MainViewController.swift"; sourceTree = "<group>"; };
/* End PBXFileReference section */

/* Begin PBXFrameworksBuildPhase section */
		F7E09B362760D134009F343F /* Frameworks */ = {
			isa = PBXFrameworksBuildPhase;
			buildActionMask = 2147483647;
			files = (
			);
			runOnlyForDeploymentPostprocessing = 0;
		};
/* End PBXFrameworksBuildPhase section */

/* Begin PBXGroup section */
		F7823583276362FA008CC122 /* Configure&Routing */ = {
			isa = PBXGroup;
			children = (
				F78235772761E1BC008CC122 /* AssemblyBuilder.swift */,
				F78235752761E12B008CC122 /* Router.swift */,
			);
			path = "Configure&Routing";
			sourceTree = "<group>";
		};
		F782358427636324008CC122 /* MainModule */ = {
			isa = PBXGroup;
			children = (
				F7E09B402760D134009F343F /* MainViewController.swift */,
				F7E09B5827613EEE009F343F /* Extension + MainViewController.swift */,
				F7E09B522760D1D2009F343F /* MainPresenter.swift */,
			);
			path = MainModule;
			sourceTree = "<group>";
		};
		F782358527636340008CC122 /* NetworkLayer */ = {
			isa = PBXGroup;
			children = (
				F7E09B542760D1E4009F343F /* NetworkService.swift */,
				F78235792761F043008CC122 /* NetworkDataFetcher.swift */,
			);
			path = NetworkLayer;
			sourceTree = "<group>";
		};
		F782358627636360008CC122 /* Models */ = {
			isa = PBXGroup;
			children = (
				F7E09B562760DBD6009F343F /* Model.swift */,
			);
			path = Models;
			sourceTree = "<group>";
		};
		F78235872763638B008CC122 /* Views */ = {
			isa = PBXGroup;
			children = (
				F782357D276229FF008CC122 /* VideoView.swift */,
				F7823573276140EA008CC122 /* CollectionCell.swift */,
			);
			path = Views;
			sourceTree = "<group>";
		};
		F7823588276363C6008CC122 /* Helpers */ = {
			isa = PBXGroup;
			children = (
				F782358127634C49008CC122 /* UIElementsFactory.swift */,
				F782357B2761F2CB008CC122 /* APIManager.swift */,
			);
			path = Helpers;
			sourceTree = "<group>";
		};
		F7E09B302760D134009F343F = {
			isa = PBXGroup;
			children = (
				F7E09B3B2760D134009F343F /* TestTask_ShowGame */,
				F7E09B3A2760D134009F343F /* Products */,
			);
			sourceTree = "<group>";
		};
		F7E09B3A2760D134009F343F /* Products */ = {
			isa = PBXGroup;
			children = (
				F7E09B392760D134009F343F /* TestTask_ShowGame.app */,
			);
			name = Products;
			sourceTree = "<group>";
		};
		F7E09B3B2760D134009F343F /* TestTask_ShowGame */ = {
			isa = PBXGroup;
			children = (
				F7E09B502760D16A009F343F /* Task.strings */,
				F7E09B3C2760D134009F343F /* AppDelegate.swift */,
				F7E09B3E2760D134009F343F /* SceneDelegate.swift */,
				F7E09B4A2760D137009F343F /* Info.plist */,
				F7E09B452760D137009F343F /* Assets.xcassets */,
				F7823583276362FA008CC122 /* Configure&Routing */,
				F782358627636360008CC122 /* Models */,
				F78235872763638B008CC122 /* Views */,
				F782358427636324008CC122 /* MainModule */,
				F782358527636340008CC122 /* NetworkLayer */,
				F7823588276363C6008CC122 /* Helpers */,
				F7E09B422760D134009F343F /* Main.storyboard */,
				F7E09B472760D137009F343F /* LaunchScreen.storyboard */,
			);
			path = TestTask_ShowGame;
			sourceTree = "<group>";
		};
/* End PBXGroup section */

/* Begin PBXNativeTarget section */
		F7E09B382760D134009F343F /* TestTask_ShowGame */ = {
			isa = PBXNativeTarget;
			buildConfigurationList = F7E09B4D2760D137009F343F /* Build configuration list for PBXNativeTarget "TestTask_ShowGame" */;
			buildPhases = (
				F7E09B352760D134009F343F /* Sources */,
				F7E09B362760D134009F343F /* Frameworks */,
				F7E09B372760D134009F343F /* Resources */,
			);
			buildRules = (
			);
			dependencies = (
			);
			name = TestTask_ShowGame;
			productName = TestTask_ShowGame;
			productReference = F7E09B392760D134009F343F /* TestTask_ShowGame.app */;
			productType = "com.apple.product-type.application";
		};
/* End PBXNativeTarget section */

/* Begin PBXProject section */
		F7E09B312760D134009F343F /* Project object */ = {
			isa = PBXProject;
			attributes = {
				BuildIndependentTargetsInParallel = 1;
				LastSwiftUpdateCheck = 1300;
				LastUpgradeCheck = 1300;
				TargetAttributes = {
					F7E09B382760D134009F343F = {
						CreatedOnToolsVersion = 13.0;
					};
				};
			};
			buildConfigurationList = F7E09B342760D134009F343F /* Build configuration list for PBXProject "TestTask_ShowGame" */;
			compatibilityVersion = "Xcode 13.0";
			developmentRegion = en;
			hasScannedForEncodings = 0;
			knownRegions = (
				en,
				Base,
			);
			mainGroup = F7E09B302760D134009F343F;
			productRefGroup = F7E09B3A2760D134009F343F /* Products */;
			projectDirPath = "";
			projectRoot = "";
			targets = (
				F7E09B382760D134009F343F /* TestTask_ShowGame */,
			);
		};
/* End PBXProject section */

/* Begin PBXResourcesBuildPhase section */
		F7E09B372760D134009F343F /* Resources */ = {
			isa = PBXResourcesBuildPhase;
			buildActionMask = 2147483647;
			files = (
				F7E09B492760D137009F343F /* LaunchScreen.storyboard in Resources */,
				F7E09B462760D137009F343F /* Assets.xcassets in Resources */,
				F7E09B442760D134009F343F /* Main.storyboard in Resources */,
				F7E09B512760D16A009F343F /* Task.strings in Resources */,
			);
			runOnlyForDeploymentPostprocessing = 0;
		};
/* End PBXResourcesBuildPhase section */

/* Begin PBXSourcesBuildPhase section */
		F7E09B352760D134009F343F /* Sources */ = {
			isa = PBXSourcesBuildPhase;
			buildActionMask = 2147483647;
			files = (
				F782357C2761F2CB008CC122 /* APIManager.swift in Sources */,
				F7E09B552760D1E4009F343F /* NetworkService.swift in Sources */,
				F78235782761E1BC008CC122 /* AssemblyBuilder.swift in Sources */,
				F7E09B412760D134009F343F /* MainViewController.swift in Sources */,
				F782357A2761F043008CC122 /* NetworkDataFetcher.swift in Sources */,
				F782358227634C49008CC122 /* UIElementsFactory.swift in Sources */,
				F7E09B5927613EEE009F343F /* Extension + MainViewController.swift in Sources */,
				F7823574276140EA008CC122 /* CollectionCell.swift in Sources */,
				F78235762761E12B008CC122 /* Router.swift in Sources */,
				F7E09B3D2760D134009F343F /* AppDelegate.swift in Sources */,
				F7E09B572760DBD6009F343F /* Model.swift in Sources */,
				F7E09B3F2760D134009F343F /* SceneDelegate.swift in Sources */,
				F7E09B532760D1D2009F343F /* MainPresenter.swift in Sources */,
				F782357E276229FF008CC122 /* VideoView.swift in Sources */,
			);
			runOnlyForDeploymentPostprocessing = 0;
		};
/* End PBXSourcesBuildPhase section */

/* Begin PBXVariantGroup section */
		F7E09B422760D134009F343F /* Main.storyboard */ = {
			isa = PBXVariantGroup;
			children = (
				F7E09B432760D134009F343F /* Base */,
			);
			name = Main.storyboard;
			sourceTree = "<group>";
		};
		F7E09B472760D137009F343F /* LaunchScreen.storyboard */ = {
			isa = PBXVariantGroup;
			children = (
				F7E09B482760D137009F343F /* Base */,
			);
			name = LaunchScreen.storyboard;
			sourceTree = "<group>";
		};
/* End PBXVariantGroup section */

/* Begin XCBuildConfiguration section */
		F7E09B4B2760D137009F343F /* Debug */ = {
			isa = XCBuildConfiguration;
			buildSettings = {
				ALWAYS_SEARCH_USER_PATHS = NO;
				CLANG_ANALYZER_NONNULL = YES;
				CLANG_ANALYZER_NUMBER_OBJECT_CONVERSION = YES_AGGRESSIVE;
				CLANG_CXX_LANGUAGE_STANDARD = "gnu++17";
				CLANG_CXX_LIBRARY = "libc++";
				CLANG_ENABLE_MODULES = YES;
				CLANG_ENABLE_OBJC_ARC = YES;
				CLANG_ENABLE_OBJC_WEAK = YES;
				CLANG_WARN_BLOCK_CAPTURE_AUTORELEASING = YES;
				CLANG_WARN_BOOL_CONVERSION = YES;
				CLANG_WARN_COMMA = YES;
				CLANG_WARN_CONSTANT_CONVERSION = YES;
				CLANG_WARN_DEPRECATED_OBJC_IMPLEMENTATIONS = YES;
				CLANG_WARN_DIRECT_OBJC_ISA_USAGE = YES_ERROR;
				CLANG_WARN_DOCUMENTATION_COMMENTS = YES;
				CLANG_WARN_EMPTY_BODY = YES;
				CLANG_WARN_ENUM_CONVERSION = YES;
				CLANG_WARN_INFINITE_RECURSION = YES;
				CLANG_WARN_INT_CONVERSION = YES;
				CLANG_WARN_NON_LITERAL_NULL_CONVERSION = YES;
				CLANG_WARN_OBJC_IMPLICIT_RETAIN_SELF = YES;
				CLANG_WARN_OBJC_LITERAL_CONVERSION = YES;
				CLANG_WARN_OBJC_ROOT_CLASS = YES_ERROR;
				CLANG_WARN_QUOTED_INCLUDE_IN_FRAMEWORK_HEADER = YES;
				CLANG_WARN_RANGE_LOOP_ANALYSIS = YES;
				CLANG_WARN_STRICT_PROTOTYPES = YES;
				CLANG_WARN_SUSPICIOUS_MOVE = YES;
				CLANG_WARN_UNGUARDED_AVAILABILITY = YES_AGGRESSIVE;
				CLANG_WARN_UNREACHABLE_CODE = YES;
				CLANG_WARN__DUPLICATE_METHOD_MATCH = YES;
				COPY_PHASE_STRIP = NO;
				DEBUG_INFORMATION_FORMAT = dwarf;
				ENABLE_STRICT_OBJC_MSGSEND = YES;
				ENABLE_TESTABILITY = YES;
				GCC_C_LANGUAGE_STANDARD = gnu11;
				GCC_DYNAMIC_NO_PIC = NO;
				GCC_NO_COMMON_BLOCKS = YES;
				GCC_OPTIMIZATION_LEVEL = 0;
				GCC_PREPROCESSOR_DEFINITIONS = (
					"DEBUG=1",
					"$(inherited)",
				);
				GCC_WARN_64_TO_32_BIT_CONVERSION = YES;
				GCC_WARN_ABOUT_RETURN_TYPE = YES_ERROR;
				GCC_WARN_UNDECLARED_SELECTOR = YES;
				GCC_WARN_UNINITIALIZED_AUTOS = YES_AGGRESSIVE;
				GCC_WARN_UNUSED_FUNCTION = YES;
				GCC_WARN_UNUSED_VARIABLE = YES;
				IPHONEOS_DEPLOYMENT_TARGET = 15.0;
				MTL_ENABLE_DEBUG_INFO = INCLUDE_SOURCE;
				MTL_FAST_MATH = YES;
				ONLY_ACTIVE_ARCH = YES;
				SDKROOT = iphoneos;
				SWIFT_ACTIVE_COMPILATION_CONDITIONS = DEBUG;
				SWIFT_OPTIMIZATION_LEVEL = "-Onone";
			};
			name = Debug;
		};
		F7E09B4C2760D137009F343F /* Release */ = {
			isa = XCBuildConfiguration;
			buildSettings = {
				ALWAYS_SEARCH_USER_PATHS = NO;
				CLANG_ANALYZER_NONNULL = YES;
				CLANG_ANALYZER_NUMBER_OBJECT_CONVERSION = YES_AGGRESSIVE;
				CLANG_CXX_LANGUAGE_STANDARD = "gnu++17";
				CLANG_CXX_LIBRARY = "libc++";
				CLANG_ENABLE_MODULES = YES;
				CLANG_ENABLE_OBJC_ARC = YES;
				CLANG_ENABLE_OBJC_WEAK = YES;
				CLANG_WARN_BLOCK_CAPTURE_AUTORELEASING = YES;
				CLANG_WARN_BOOL_CONVERSION = YES;
				CLANG_WARN_COMMA = YES;
				CLANG_WARN_CONSTANT_CONVERSION = YES;
				CLANG_WARN_DEPRECATED_OBJC_IMPLEMENTATIONS = YES;
				CLANG_WARN_DIRECT_OBJC_ISA_USAGE = YES_ERROR;
				CLANG_WARN_DOCUMENTATION_COMMENTS = YES;
				CLANG_WARN_EMPTY_BODY = YES;
				CLANG_WARN_ENUM_CONVERSION = YES;
				CLANG_WARN_INFINITE_RECURSION = YES;
				CLANG_WARN_INT_CONVERSION = YES;
				CLANG_WARN_NON_LITERAL_NULL_CONVERSION = YES;
				CLANG_WARN_OBJC_IMPLICIT_RETAIN_SELF = YES;
				CLANG_WARN_OBJC_LITERAL_CONVERSION = YES;
				CLANG_WARN_OBJC_ROOT_CLASS = YES_ERROR;
				CLANG_WARN_QUOTED_INCLUDE_IN_FRAMEWORK_HEADER = YES;
				CLANG_WARN_RANGE_LOOP_ANALYSIS = YES;
				CLANG_WARN_STRICT_PROTOTYPES = YES;
				CLANG_WARN_SUSPICIOUS_MOVE = YES;
				CLANG_WARN_UNGUARDED_AVAILABILITY = YES_AGGRESSIVE;
				CLANG_WARN_UNREACHABLE_CODE = YES;
				CLANG_WARN__DUPLICATE_METHOD_MATCH = YES;
				COPY_PHASE_STRIP = NO;
				DEBUG_INFORMATION_FORMAT = "dwarf-with-dsym";
				ENABLE_NS_ASSERTIONS = NO;
				ENABLE_STRICT_OBJC_MSGSEND = YES;
				GCC_C_LANGUAGE_STANDARD = gnu11;
				GCC_NO_COMMON_BLOCKS = YES;
				GCC_WARN_64_TO_32_BIT_CONVERSION = YES;
				GCC_WARN_ABOUT_RETURN_TYPE = YES_ERROR;
				GCC_WARN_UNDECLARED_SELECTOR = YES;
				GCC_WARN_UNINITIALIZED_AUTOS = YES_AGGRESSIVE;
				GCC_WARN_UNUSED_FUNCTION = YES;
				GCC_WARN_UNUSED_VARIABLE = YES;
				IPHONEOS_DEPLOYMENT_TARGET = 15.0;
				MTL_ENABLE_DEBUG_INFO = NO;
				MTL_FAST_MATH = YES;
				SDKROOT = iphoneos;
				SWIFT_COMPILATION_MODE = wholemodule;
				SWIFT_OPTIMIZATION_LEVEL = "-O";
				VALIDATE_PRODUCT = YES;
			};
			name = Release;
		};
		F7E09B4E2760D137009F343F /* Debug */ = {
			isa = XCBuildConfiguration;
			buildSettings = {
				ASSETCATALOG_COMPILER_APPICON_NAME = AppIcon;
				ASSETCATALOG_COMPILER_GLOBAL_ACCENT_COLOR_NAME = AccentColor;
				CODE_SIGN_STYLE = Automatic;
				CURRENT_PROJECT_VERSION = 1;
				DEVELOPMENT_TEAM = TB5VXYZS9X;
				GENERATE_INFOPLIST_FILE = YES;
				INFOPLIST_FILE = TestTask_ShowGame/Info.plist;
				INFOPLIST_KEY_UIApplicationSupportsIndirectInputEvents = YES;
				INFOPLIST_KEY_UILaunchStoryboardName = LaunchScreen;
				INFOPLIST_KEY_UISupportedInterfaceOrientations = UIInterfaceOrientationPortrait;
				INFOPLIST_KEY_UISupportedInterfaceOrientations_iPad = "UIInterfaceOrientationPortrait UIInterfaceOrientationPortraitUpsideDown UIInterfaceOrientationLandscapeLeft UIInterfaceOrientationLandscapeRight";
				INFOPLIST_KEY_UISupportedInterfaceOrientations_iPhone = "UIInterfaceOrientationPortrait UIInterfaceOrientationLandscapeLeft UIInterfaceOrientationLandscapeRight";
				LD_RUNPATH_SEARCH_PATHS = (
					"$(inherited)",
					"@executable_path/Frameworks",
				);
				MARKETING_VERSION = 1.0;
				PRODUCT_BUNDLE_IDENTIFIER = "com.learnSwift.TestTask-ShowGame";
				PRODUCT_NAME = "$(TARGET_NAME)";
				SWIFT_EMIT_LOC_STRINGS = YES;
				SWIFT_VERSION = 5.0;
				TARGETED_DEVICE_FAMILY = "1,2";
			};
			name = Debug;
		};
		F7E09B4F2760D137009F343F /* Release */ = {
			isa = XCBuildConfiguration;
			buildSettings = {
				ASSETCATALOG_COMPILER_APPICON_NAME = AppIcon;
				ASSETCATALOG_COMPILER_GLOBAL_ACCENT_COLOR_NAME = AccentColor;
				CODE_SIGN_STYLE = Automatic;
				CURRENT_PROJECT_VERSION = 1;
				DEVELOPMENT_TEAM = TB5VXYZS9X;
				GENERATE_INFOPLIST_FILE = YES;
				INFOPLIST_FILE = TestTask_ShowGame/Info.plist;
				INFOPLIST_KEY_UIApplicationSupportsIndirectInputEvents = YES;
				INFOPLIST_KEY_UILaunchStoryboardName = LaunchScreen;
				INFOPLIST_KEY_UISupportedInterfaceOrientations = UIInterfaceOrientationPortrait;
				INFOPLIST_KEY_UISupportedInterfaceOrientations_iPad = "UIInterfaceOrientationPortrait UIInterfaceOrientationPortraitUpsideDown UIInterfaceOrientationLandscapeLeft UIInterfaceOrientationLandscapeRight";
				INFOPLIST_KEY_UISupportedInterfaceOrientations_iPhone = "UIInterfaceOrientationPortrait UIInterfaceOrientationLandscapeLeft UIInterfaceOrientationLandscapeRight";
				LD_RUNPATH_SEARCH_PATHS = (
					"$(inherited)",
					"@executable_path/Frameworks",
				);
				MARKETING_VERSION = 1.0;
				PRODUCT_BUNDLE_IDENTIFIER = "com.learnSwift.TestTask-ShowGame";
				PRODUCT_NAME = "$(TARGET_NAME)";
				SWIFT_EMIT_LOC_STRINGS = YES;
				SWIFT_VERSION = 5.0;
				TARGETED_DEVICE_FAMILY = "1,2";
			};
			name = Release;
		};
/* End XCBuildConfiguration section */

/* Begin XCConfigurationList section */
		F7E09B342760D134009F343F /* Build configuration list for PBXProject "TestTask_ShowGame" */ = {
			isa = XCConfigurationList;
			buildConfigurations = (
				F7E09B4B2760D137009F343F /* Debug */,
				F7E09B4C2760D137009F343F /* Release */,
			);
			defaultConfigurationIsVisible = 0;
			defaultConfigurationName = Release;
		};
		F7E09B4D2760D137009F343F /* Build configuration list for PBXNativeTarget "TestTask_ShowGame" */ = {
			isa = XCConfigurationList;
			buildConfigurations = (
				F7E09B4E2760D137009F343F /* Debug */,
				F7E09B4F2760D137009F343F /* Release */,
			);
			defaultConfigurationIsVisible = 0;
			defaultConfigurationName = Release;
		};
/* End XCConfigurationList section */
	};
	rootObject = F7E09B312760D134009F343F /* Project object */;
}
